// !$*UTF8*$!
{
	archiveVersion = 1;
	classes = {
	};
	objectVersion = 46;
	objects = {

/* Begin PBXBuildFile section */
		28752CA61CB3AABF00BFEFF5 /* main.m in Sources */ = {isa = PBXBuildFile; fileRef = 28752CA51CB3AABF00BFEFF5 /* main.m */; };
		28752CA91CB3AABF00BFEFF5 /* AppDelegate.m in Sources */ = {isa = PBXBuildFile; fileRef = 28752CA81CB3AABF00BFEFF5 /* AppDelegate.m */; };
		28752CAC1CB3AABF00BFEFF5 /* ViewController.m in Sources */ = {isa = PBXBuildFile; fileRef = 28752CAB1CB3AABF00BFEFF5 /* ViewController.m */; };
		28752CAF1CB3AABF00BFEFF5 /* Main.storyboard in Resources */ = {isa = PBXBuildFile; fileRef = 28752CAD1CB3AABF00BFEFF5 /* Main.storyboard */; };
		28752CB11CB3AABF00BFEFF5 /* Assets.xcassets in Resources */ = {isa = PBXBuildFile; fileRef = 28752CB01CB3AABF00BFEFF5 /* Assets.xcassets */; };
		28752CB41CB3AABF00BFEFF5 /* LaunchScreen.storyboard in Resources */ = {isa = PBXBuildFile; fileRef = 28752CB21CB3AABF00BFEFF5 /* LaunchScreen.storyboard */; };
		28752CBD1CB3C2ED00BFEFF5 /* TestView.m in Sources */ = {isa = PBXBuildFile; fileRef = 28752CBC1CB3C2ED00BFEFF5 /* TestView.m */; };
/* End PBXBuildFile section */

/* Begin PBXFileReference section */
		28752CA11CB3AABF00BFEFF5 /* DrawRectDemo.app */ = {isa = PBXFileReference; explicitFileType = wrapper.application; includeInIndex = 0; path = DrawRectDemo.app; sourceTree = BUILT_PRODUCTS_DIR; };
		28752CA51CB3AABF00BFEFF5 /* main.m */ = {isa = PBXFileReference; lastKnownFileType = sourcecode.c.objc; path = main.m; sourceTree = "<group>"; };
		28752CA71CB3AABF00BFEFF5 /* AppDelegate.h */ = {isa = PBXFileReference; lastKnownFileType = sourcecode.c.h; path = AppDelegate.h; sourceTree = "<group>"; };
		28752CA81CB3AABF00BFEFF5 /* AppDelegate.m */ = {isa = PBXFileReference; lastKnownFileType = sourcecode.c.objc; path = AppDelegate.m; sourceTree = "<group>"; };
		28752CAA1CB3AABF00BFEFF5 /* ViewController.h */ = {isa = PBXFileReference; lastKnownFileType = sourcecode.c.h; path = ViewController.h; sourceTree = "<group>"; };
		28752CAB1CB3AABF00BFEFF5 /* ViewController.m */ = {isa = PBXFileReference; lastKnownFileType = sourcecode.c.objc; path = ViewController.m; sourceTree = "<group>"; };
		28752CAE1CB3AABF00BFEFF5 /* Base */ = {isa = PBXFileReference; lastKnownFileType = file.storyboard; name = Base; path = Base.lproj/Main.storyboard; sourceTree = "<group>"; };
		28752CB01CB3AABF00BFEFF5 /* Assets.xcassets */ = {isa = PBXFileReference; lastKnownFileType = folder.assetcatalog; path = Assets.xcassets; sourceTree = "<group>"; };
		28752CB31CB3AABF00BFEFF5 /* Base */ = {isa = PBXFileReference; lastKnownFileType = file.storyboard; name = Base; path = Base.lproj/LaunchScreen.storyboard; sourceTree = "<group>"; };
		28752CB51CB3AABF00BFEFF5 /* Info.plist */ = {isa = PBXFileReference; lastKnownFileType = text.plist.xml; path = Info.plist; sourceTree = "<group>"; };
		28752CBB1CB3C2ED00BFEFF5 /* TestView.h */ = {isa = PBXFileReference; fileEncoding = 4; lastKnownFileType = sourcecode.c.h; path = TestView.h; sourceTree = "<group>"; };
		28752CBC1CB3C2ED00BFEFF5 /* TestView.m */ = {isa = PBXFileReference; fileEncoding = 4; lastKnownFileType = sourcecode.c.objc; path = TestView.m; sourceTree = "<group>"; };
/* End PBXFileReference section */

/* Begin PBXFrameworksBuildPhase section */
		28752C9E1CB3AABF00BFEFF5 /* Frameworks */ = {
			isa = PBXFrameworksBuildPhase;
			buildActionMask = 2147483647;
			files = (
			);
			runOnlyForDeploymentPostprocessing = 0;
		};
/* End PBXFrameworksBuildPhase section */

/* Begin PBXGroup section */
		28752C981CB3AABF00BFEFF5 = {
			isa = PBXGroup;
			children = (
				28752CA31CB3AABF00BFEFF5 /* DrawRectDemo */,
				28752CA21CB3AABF00BFEFF5 /* Products */,
			);
			sourceTree = "<group>";
		};
		28752CA21CB3AABF00BFEFF5 /* Products */ = {
			isa = PBXGroup;
			children = (
				28752CA11CB3AABF00BFEFF5 /* DrawRectDemo.app */,
			);
			name = Products;
			sourceTree = "<group>";
		};
		28752CA31CB3AABF00BFEFF5 /* DrawRectDemo */ = {
			isa = PBXGroup;
			children = (
				28752CA71CB3AABF00BFEFF5 /* AppDelegate.h */,
				28752CA81CB3AABF00BFEFF5 /* AppDelegate.m */,
				28752CAA1CB3AABF00BFEFF5 /* ViewController.h */,
				28752CAB1CB3AABF00BFEFF5 /* ViewController.m */,
				28752CBB1CB3C2ED00BFEFF5 /* TestView.h */,
				28752CBC1CB3C2ED00BFEFF5 /* TestView.m */,
				28752CAD1CB3AABF00BFEFF5 /* Main.storyboard */,
				28752CB01CB3AABF00BFEFF5 /* Assets.xcassets */,
				28752CB21CB3AABF00BFEFF5 /* LaunchScreen.storyboard */,
				28752CB51CB3AABF00BFEFF5 /* Info.plist */,
				28752CA41CB3AABF00BFEFF5 /* Supporting Files */,
			);
			path = DrawRectDemo;
			sourceTree = "<group>";
		};
		28752CA41CB3AABF00BFEFF5 /* Supporting Files */ = {
			isa = PBXGroup;
			children = (
				28752CA51CB3AABF00BFEFF5 /* main.m */,
			);
			name = "Supporting Files";
			sourceTree = "<group>";
		};
/* End PBXGroup section */

/* Begin PBXNativeTarget section */
		28752CA01CB3AABF00BFEFF5 /* DrawRectDemo */ = {
			isa = PBXNativeTarget;
			buildConfigurationList = 28752CB81CB3AABF00BFEFF5 /* Build configuration list for PBXNativeTarget "DrawRectDemo" */;
			buildPhases = (
				28752C9D1CB3AABF00BFEFF5 /* Sources */,
				28752C9E1CB3AABF00BFEFF5 /* Frameworks */,
				28752C9F1CB3AABF00BFEFF5 /* Resources */,
			);
			buildRules = (
			);
			dependencies = (
			);
			name = DrawRectDemo;
			productName = DrawRectDemo;
			productReference = 28752CA11CB3AABF00BFEFF5 /* DrawRectDemo.app */;
			productType = "com.apple.product-type.application";
		};
/* End PBXNativeTarget section */

/* Begin PBXProject section */
		28752C991CB3AABF00BFEFF5 /* Project object */ = {
			isa = PBXProject;
			attributes = {
				LastUpgradeCheck = 0730;
				ORGANIZATIONNAME = "吴洋";
				TargetAttributes = {
					28752CA01CB3AABF00BFEFF5 = {
						CreatedOnToolsVersion = 7.3;
						DevelopmentTeam = J94YH6LXHR;
					};
				};
			};
			buildConfigurationList = 28752C9C1CB3AABF00BFEFF5 /* Build configuration list for PBXProject "DrawRectDemo" */;
			compatibilityVersion = "Xcode 3.2";
			developmentRegion = English;
			hasScannedForEncodings = 0;
			knownRegions = (
				en,
				Base,
			);
			mainGroup = 28752C981CB3AABF00BFEFF5;
			productRefGroup = 28752CA21CB3AABF00BFEFF5 /* Products */;
			projectDirPath = "";
			projectRoot = "";
			targets = (
				28752CA01CB3AABF00BFEFF5 /* DrawRectDemo */,
			);
		};
/* End PBXProject section */

/* Begin PBXResourcesBuildPhase section */
		28752C9F1CB3AABF00BFEFF5 /* Resources */ = {
			isa = PBXResourcesBuildPhase;
			buildActionMask = 2147483647;
			files = (
				28752CB41CB3AABF00BFEFF5 /* LaunchScreen.storyboard in Resources */,
				28752CB11CB3AABF00BFEFF5 /* Assets.xcassets in Resources */,
				28752CAF1CB3AABF00BFEFF5 /* Main.storyboard in Resources */,
			);
			runOnlyForDeploymentPostprocessing = 0;
		};
/* End PBXResourcesBuildPhase section */

/* Begin PBXSourcesBuildPhase section */
		28752C9D1CB3AABF00BFEFF5 /* Sources */ = {
			isa = PBXSourcesBuildPhase;
			buildActionMask = 2147483647;
			files = (
				28752CBD1CB3C2ED00BFEFF5 /* TestView.m in Sources */,
				28752CAC1CB3AABF00BFEFF5 /* ViewController.m in Sources */,
				28752CA91CB3AABF00BFEFF5 /* AppDelegate.m in Sources */,
				28752CA61CB3AABF00BFEFF5 /* main.m in Sources */,
			);
			runOnlyForDeploymentPostprocessing = 0;
		};
/* End PBXSourcesBuildPhase section */

/* Begin PBXVariantGroup section */
		28752CAD1CB3AABF00BFEFF5 /* Main.storyboard */ = {
			isa = PBXVariantGroup;
			children = (
				28752CAE1CB3AABF00BFEFF5 /* Base */,
			);
			name = Main.storyboard;
			sourceTree = "<group>";
		};
		28752CB21CB3AABF00BFEFF5 /* LaunchScreen.storyboard */ = {
			isa = PBXVariantGroup;
			children = (
				28752CB31CB3AABF00BFEFF5 /* Base */,
			);
			name = LaunchScreen.storyboard;
			sourceTree = "<group>";
		};
/* End PBXVariantGroup section */

/* Begin XCBuildConfiguration section */
		28752CB61CB3AABF00BFEFF5 /* Debug */ = {
			isa = XCBuildConfiguration;
			buildSettings = {
				ALWAYS_SEARCH_USER_PATHS = NO;
				CLANG_ANALYZER_NONNULL = YES;
				CLANG_CXX_LANGUAGE_STANDARD = "gnu++0x";
				CLANG_CXX_LIBRARY = "libc++";
				CLANG_ENABLE_MODULES = YES;
				CLANG_ENABLE_OBJC_ARC = YES;
				CLANG_WARN_BOOL_CONVERSION = YES;
				CLANG_WARN_CONSTANT_CONVERSION = YES;
				CLANG_WARN_DIRECT_OBJC_ISA_USAGE = YES_ERROR;
				CLANG_WARN_EMPTY_BODY = YES;
				CLANG_WARN_ENUM_CONVERSION = YES;
				CLANG_WARN_INT_CONVERSION = YES;
				CLANG_WARN_OBJC_ROOT_CLASS = YES_ERROR;
				CLANG_WARN_UNREACHABLE_CODE = YES;
				CLANG_WARN__DUPLICATE_METHOD_MATCH = YES;
				"CODE_SIGN_IDENTITY[sdk=iphoneos*]" = "iPhone Developer";
				COPY_PHASE_STRIP = NO;
				DEBUG_INFORMATION_FORMAT = dwarf;
				ENABLE_STRICT_OBJC_MSGSEND = YES;
				ENABLE_TESTABILITY = YES;
				GCC_C_LANGUAGE_STANDARD = gnu99;
				GCC_DYNAMIC_NO_PIC = NO;
				GCC_NO_COMMON_BLOCKS = YES;
				GCC_OPTIMIZATION_LEVEL = 0;
				GCC_PREPROCESSOR_DEFINITIONS = (
					"DEBUG=1",
					"$(inherited)",
				);
				GCC_WARN_64_TO_32_BIT_CONVERSION = YES;
				GCC_WARN_ABOUT_RETURN_TYPE = YES_ERROR;
				GCC_WARN_UNDECLARED_SELECTOR = YES;
				GCC_WARN_UNINITIALIZED_AUTOS = YES_AGGRESSIVE;
				GCC_WARN_UNUSED_FUNCTION = YES;
				GCC_WARN_UNUSED_VARIABLE = YES;
				IPHONEOS_DEPLOYMENT_TARGET = 9.3;
				MTL_ENABLE_DEBUG_INFO = YES;
				ONLY_ACTIVE_ARCH = YES;
				SDKROOT = iphoneos;
				TARGETED_DEVICE_FAMILY = "1,2";
			};
			name = Debug;
		};
		28752CB71CB3AABF00BFEFF5 /* Release */ = {
			isa = XCBuildConfiguration;
			buildSettings = {
				ALWAYS_SEARCH_USER_PATHS = NO;
				CLANG_ANALYZER_NONNULL = YES;
				CLANG_CXX_LANGUAGE_STANDARD = "gnu++0x";
				CLANG_CXX_LIBRARY = "libc++";
				CLANG_ENABLE_MODULES = YES;
				CLANG_ENABLE_OBJC_ARC = YES;
				CLANG_WARN_BOOL_CONVERSION = YES;
				CLANG_WARN_CONSTANT_CONVERSION = YES;
				CLANG_WARN_DIRECT_OBJC_ISA_USAGE = YES_ERROR;
				CLANG_WARN_EMPTY_BODY = YES;
				CLANG_WARN_ENUM_CONVERSION = YES;
				CLANG_WARN_INT_CONVERSION = YES;
				CLANG_WARN_OBJC_ROOT_CLASS = YES_ERROR;
				CLANG_WARN_UNREACHABLE_CODE = YES;
				CLANG_WARN__DUPLICATE_METHOD_MATCH = YES;
				"CODE_SIGN_IDENTITY[sdk=iphoneos*]" = "iPhone Developer";
				COPY_PHASE_STRIP = NO;
				DEBUG_INFORMATION_FORMAT = "dwarf-with-dsym";
				ENABLE_NS_ASSERTIONS = NO;
				ENABLE_STRICT_OBJC_MSGSEND = YES;
				GCC_C_LANGUAGE_STANDARD = gnu99;
				GCC_NO_COMMON_BLOCKS = YES;
				GCC_WARN_64_TO_32_BIT_CONVERSION = YES;
				GCC_WARN_ABOUT_RETURN_TYPE = YES_ERROR;
				GCC_WARN_UNDECLARED_SELECTOR = YES;
				GCC_WARN_UNINITIALIZED_AUTOS = YES_AGGRESSIVE;
				GCC_WARN_UNUSED_FUNCTION = YES;
				GCC_WARN_UNUSED_VARIABLE = YES;
				IPHONEOS_DEPLOYMENT_TARGET = 9.3;
				MTL_ENABLE_DEBUG_INFO = NO;
				SDKROOT = iphoneos;
				TARGETED_DEVICE_FAMILY = "1,2";
				VALIDATE_PRODUCT = YES;
			};
			name = Release;
		};
		28752CB91CB3AABF00BFEFF5 /* Debug */ = {
			isa = XCBuildConfiguration;
			buildSettings = {
				ASSETCATALOG_COMPILER_APPICON_NAME = AppIcon;
				INFOPLIST_FILE = DrawRectDemo/Info.plist;
				LD_RUNPATH_SEARCH_PATHS = "$(inherited) @executable_path/Frameworks";
				PRODUCT_BUNDLE_IDENTIFIER = jd.wuyang.DrawRectDemo;
				PRODUCT_NAME = "$(TARGET_NAME)";
			};
			name = Debug;
		};
		28752CBA1CB3AABF00BFEFF5 /* Release */ = {
			isa = XCBuildConfiguration;
			buildSettings = {
				ASSETCATALOG_COMPILER_APPICON_NAME = AppIcon;
				INFOPLIST_FILE = DrawRectDemo/Info.plist;
				LD_RUNPATH_SEARCH_PATHS = "$(inherited) @executable_path/Frameworks";
				PRODUCT_BUNDLE_IDENTIFIER = jd.wuyang.DrawRectDemo;
				PRODUCT_NAME = "$(TARGET_NAME)";
			};
			name = Release;
		};
/* End XCBuildConfiguration section */

/* Begin XCConfigurationList section */
		28752C9C1CB3AABF00BFEFF5 /* Build configuration list for PBXProject "DrawRectDemo" */ = {
			isa = XCConfigurationList;
			buildConfigurations = (
				28752CB61CB3AABF00BFEFF5 /* Debug */,
				28752CB71CB3AABF00BFEFF5 /* Release */,
			);
			defaultConfigurationIsVisible = 0;
			defaultConfigurationName = Release;
		};
		28752CB81CB3AABF00BFEFF5 /* Build configuration list for PBXNativeTarget "DrawRectDemo" */ = {
			isa = XCConfigurationList;
			buildConfigurations = (
				28752CB91CB3AABF00BFEFF5 /* Debug */,
				28752CBA1CB3AABF00BFEFF5 /* Release */,
			);
			defaultConfigurationIsVisible = 0;
			defaultConfigurationName = Release;
		};
/* End XCConfigurationList section */
	};
	rootObject = 28752C991CB3AABF00BFEFF5 /* Project object */;
}
